
Microsoft Visual Studio Solution File, Format Version 12.00
# Visual Studio Version 16
VisualStudioVersion = 16.0.30907.101
MinimumVisualStudioVersion = 10.0.40219.1
Project("{FAE04EC0-301F-11D3-BF4B-00C04F79EFBC}") = "Yemek_Tarifleri_Sitem", "Yemek_Tarifleri_Sitem\Yemek_Tarifleri_Sitem.csproj", "{AEB91BE7-81AF-4CA3-837F-69FF94F36BCF}"
EndProject
Global
	GlobalSection(SolutionConfigurationPlatforms) = preSolution
		Debug|Any CPU = Debug|Any CPU
		Release|Any CPU = Release|Any CPU
	EndGlobalSection
	GlobalSection(ProjectConfigurationPlatforms) = postSolution
		{AEB91BE7-81AF-4CA3-837F-69FF94F36BCF}.Debug|Any CPU.ActiveCfg = Debug|Any CPU
		{AEB91BE7-81AF-4CA3-837F-69FF94F36BCF}.Debug|Any CPU.Build.0 = Debug|Any CPU
		{AEB91BE7-81AF-4CA3-837F-69FF94F36BCF}.Release|Any CPU.ActiveCfg = Release|Any CPU
		{AEB91BE7-81AF-4CA3-837F-69FF94F36BCF}.Release|Any CPU.Build.0 = Release|Any CPU
	EndGlobalSection
	GlobalSection(SolutionProperties) = preSolution
		HideSolutionNode = FALSE
	EndGlobalSection
	GlobalSection(ExtensibilityGlobals) = postSolution
		SolutionGuid = {39C8D7EE-6A15-450B-B021-C6C3406A862C}
	EndGlobalSection
EndGlobal
